
Microsoft Visual Studio Solution File, Format Version 12.00
# Visual Studio Version 17
VisualStudioVersion = 17.13.35913.81
MinimumVisualStudioVersion = 10.0.40219.1
Project("{FAE04EC0-301F-11D3-BF4B-00C04F79EFBC}") = "EmbassyBusinessBack", "EmbassyBusinessBack.csproj", "{56DDB62F-233F-41D0-A16E-42A57CF44834}"
EndProject
Project("{FAE04EC0-301F-11D3-BF4B-00C04F79EFBC}") = "EBEntities", "..\EBEntities\EBEntities.csproj", "{1804CB3E-07D3-4741-9784-1560135661D4}"
EndProject
Project("{FAE04EC0-301F-11D3-BF4B-00C04F79EFBC}") = "EBEnums", "..\EBEnums\EBEnums.csproj", "{94D0437F-F993-425D-865F-DC1E309CC074}"
EndProject
Project("{FAE04EC0-301F-11D3-BF4B-00C04F79EFBC}") = "EBData", "..\EBData\EBData.csproj", "{D9E649E4-D079-4713-A013-34E46DB89783}"
EndProject
Project("{FAE04EC0-301F-11D3-BF4B-00C04F79EFBC}") = "EBServices", "..\EBServices\EBServices.csproj", "{AEC12C15-81F8-441C-87C5-E36DA39175E2}"
EndProject
Project("{FAE04EC0-301F-11D3-BF4B-00C04F79EFBC}") = "EBServices.Interfaces", "..\EBServices.Interfaces\EBServices.Interfaces.csproj", "{41047FEE-0F12-4451-A464-D3FDBDE366BF}"
EndProject
Project("{FAE04EC0-301F-11D3-BF4B-00C04F79EFBC}") = "EBDTOs", "..\EBDTOs\EBDTOs.csproj", "{DEB064F3-13F2-419F-B2D0-77D6CB76ED48}"
EndProject
Project("{FAE04EC0-301F-11D3-BF4B-00C04F79EFBC}") = "EBEmail", "..\EBEmail\EBEmail.csproj", "{7CDF929E-8901-41B6-B4D7-4CF6A6E50D8C}"
EndProject
Project("{FAE04EC0-301F-11D3-BF4B-00C04F79EFBC}") = "EBRepositories", "..\EBRepositories\EBRepositories.csproj", "{CA8E3C2A-9A2B-4239-BAD4-73C7A3A3F0C1}"
EndProject
Project("{FAE04EC0-301F-11D3-BF4B-00C04F79EFBC}") = "EBRepositories.Interfaces", "..\EBRepositories.Interfaces\EBRepositories.Interfaces.csproj", "{9805741A-87E2-45EC-B3AF-0892C68FDA25}"
EndProject
Global
	GlobalSection(SolutionConfigurationPlatforms) = preSolution
		Debug|Any CPU = Debug|Any CPU
		Debug|x64 = Debug|x64
		Debug|x86 = Debug|x86
		Release|Any CPU = Release|Any CPU
		Release|x64 = Release|x64
		Release|x86 = Release|x86
	EndGlobalSection
	GlobalSection(ProjectConfigurationPlatforms) = postSolution
		{56DDB62F-233F-41D0-A16E-42A57CF44834}.Debug|Any CPU.ActiveCfg = Debug|Any CPU
		{56DDB62F-233F-41D0-A16E-42A57CF44834}.Debug|Any CPU.Build.0 = Debug|Any CPU
		{56DDB62F-233F-41D0-A16E-42A57CF44834}.Debug|x64.ActiveCfg = Debug|Any CPU
		{56DDB62F-233F-41D0-A16E-42A57CF44834}.Debug|x64.Build.0 = Debug|Any CPU
		{56DDB62F-233F-41D0-A16E-42A57CF44834}.Debug|x86.ActiveCfg = Debug|Any CPU
		{56DDB62F-233F-41D0-A16E-42A57CF44834}.Debug|x86.Build.0 = Debug|Any CPU
		{56DDB62F-233F-41D0-A16E-42A57CF44834}.Release|Any CPU.ActiveCfg = Release|Any CPU
		{56DDB62F-233F-41D0-A16E-42A57CF44834}.Release|Any CPU.Build.0 = Release|Any CPU
		{56DDB62F-233F-41D0-A16E-42A57CF44834}.Release|x64.ActiveCfg = Release|Any CPU
		{56DDB62F-233F-41D0-A16E-42A57CF44834}.Release|x64.Build.0 = Release|Any CPU
		{56DDB62F-233F-41D0-A16E-42A57CF44834}.Release|x86.ActiveCfg = Release|Any CPU
		{56DDB62F-233F-41D0-A16E-42A57CF44834}.Release|x86.Build.0 = Release|Any CPU
		{1804CB3E-07D3-4741-9784-1560135661D4}.Debug|Any CPU.ActiveCfg = Debug|Any CPU
		{1804CB3E-07D3-4741-9784-1560135661D4}.Debug|Any CPU.Build.0 = Debug|Any CPU
		{1804CB3E-07D3-4741-9784-1560135661D4}.Debug|x64.ActiveCfg = Debug|Any CPU
		{1804CB3E-07D3-4741-9784-1560135661D4}.Debug|x64.Build.0 = Debug|Any CPU
		{1804CB3E-07D3-4741-9784-1560135661D4}.Debug|x86.ActiveCfg = Debug|Any CPU
		{1804CB3E-07D3-4741-9784-1560135661D4}.Debug|x86.Build.0 = Debug|Any CPU
		{1804CB3E-07D3-4741-9784-1560135661D4}.Release|Any CPU.ActiveCfg = Release|Any CPU
		{1804CB3E-07D3-4741-9784-1560135661D4}.Release|Any CPU.Build.0 = Release|Any CPU
		{1804CB3E-07D3-4741-9784-1560135661D4}.Release|x64.ActiveCfg = Release|Any CPU
		{1804CB3E-07D3-4741-9784-1560135661D4}.Release|x64.Build.0 = Release|Any CPU
		{1804CB3E-07D3-4741-9784-1560135661D4}.Release|x86.ActiveCfg = Release|Any CPU
		{1804CB3E-07D3-4741-9784-1560135661D4}.Release|x86.Build.0 = Release|Any CPU
		{94D0437F-F993-425D-865F-DC1E309CC074}.Debug|Any CPU.ActiveCfg = Debug|Any CPU
		{94D0437F-F993-425D-865F-DC1E309CC074}.Debug|Any CPU.Build.0 = Debug|Any CPU
		{94D0437F-F993-425D-865F-DC1E309CC074}.Debug|x64.ActiveCfg = Debug|Any CPU
		{94D0437F-F993-425D-865F-DC1E309CC074}.Debug|x64.Build.0 = Debug|Any CPU
		{94D0437F-F993-425D-865F-DC1E309CC074}.Debug|x86.ActiveCfg = Debug|Any CPU
		{94D0437F-F993-425D-865F-DC1E309CC074}.Debug|x86.Build.0 = Debug|Any CPU
		{94D0437F-F993-425D-865F-DC1E309CC074}.Release|Any CPU.ActiveCfg = Release|Any CPU
		{94D0437F-F993-425D-865F-DC1E309CC074}.Release|Any CPU.Build.0 = Release|Any CPU
		{94D0437F-F993-425D-865F-DC1E309CC074}.Release|x64.ActiveCfg = Release|Any CPU
		{94D0437F-F993-425D-865F-DC1E309CC074}.Release|x64.Build.0 = Release|Any CPU
		{94D0437F-F993-425D-865F-DC1E309CC074}.Release|x86.ActiveCfg = Release|Any CPU
		{94D0437F-F993-425D-865F-DC1E309CC074}.Release|x86.Build.0 = Release|Any CPU
		{D9E649E4-D079-4713-A013-34E46DB89783}.Debug|Any CPU.ActiveCfg = Debug|Any CPU
		{D9E649E4-D079-4713-A013-34E46DB89783}.Debug|Any CPU.Build.0 = Debug|Any CPU
		{D9E649E4-D079-4713-A013-34E46DB89783}.Debug|x64.ActiveCfg = Debug|Any CPU
		{D9E649E4-D079-4713-A013-34E46DB89783}.Debug|x64.Build.0 = Debug|Any CPU
		{D9E649E4-D079-4713-A013-34E46DB89783}.Debug|x86.ActiveCfg = Debug|Any CPU
		{D9E649E4-D079-4713-A013-34E46DB89783}.Debug|x86.Build.0 = Debug|Any CPU
		{D9E649E4-D079-4713-A013-34E46DB89783}.Release|Any CPU.ActiveCfg = Release|Any CPU
		{D9E649E4-D079-4713-A013-34E46DB89783}.Release|Any CPU.Build.0 = Release|Any CPU
		{D9E649E4-D079-4713-A013-34E46DB89783}.Release|x64.ActiveCfg = Release|Any CPU
		{D9E649E4-D079-4713-A013-34E46DB89783}.Release|x64.Build.0 = Release|Any CPU
		{D9E649E4-D079-4713-A013-34E46DB89783}.Release|x86.ActiveCfg = Release|Any CPU
		{D9E649E4-D079-4713-A013-34E46DB89783}.Release|x86.Build.0 = Release|Any CPU
		{AEC12C15-81F8-441C-87C5-E36DA39175E2}.Debug|Any CPU.ActiveCfg = Debug|Any CPU
		{AEC12C15-81F8-441C-87C5-E36DA39175E2}.Debug|Any CPU.Build.0 = Debug|Any CPU
		{AEC12C15-81F8-441C-87C5-E36DA39175E2}.Debug|x64.ActiveCfg = Debug|Any CPU
		{AEC12C15-81F8-441C-87C5-E36DA39175E2}.Debug|x64.Build.0 = Debug|Any CPU
		{AEC12C15-81F8-441C-87C5-E36DA39175E2}.Debug|x86.ActiveCfg = Debug|Any CPU
		{AEC12C15-81F8-441C-87C5-E36DA39175E2}.Debug|x86.Build.0 = Debug|Any CPU
		{AEC12C15-81F8-441C-87C5-E36DA39175E2}.Release|Any CPU.ActiveCfg = Release|Any CPU
		{AEC12C15-81F8-441C-87C5-E36DA39175E2}.Release|Any CPU.Build.0 = Release|Any CPU
		{AEC12C15-81F8-441C-87C5-E36DA39175E2}.Release|x64.ActiveCfg = Release|Any CPU
		{AEC12C15-81F8-441C-87C5-E36DA39175E2}.Release|x64.Build.0 = Release|Any CPU
		{AEC12C15-81F8-441C-87C5-E36DA39175E2}.Release|x86.ActiveCfg = Release|Any CPU
		{AEC12C15-81F8-441C-87C5-E36DA39175E2}.Release|x86.Build.0 = Release|Any CPU
		{41047FEE-0F12-4451-A464-D3FDBDE366BF}.Debug|Any CPU.ActiveCfg = Debug|Any CPU
		{41047FEE-0F12-4451-A464-D3FDBDE366BF}.Debug|Any CPU.Build.0 = Debug|Any CPU
		{41047FEE-0F12-4451-A464-D3FDBDE366BF}.Debug|x64.ActiveCfg = Debug|Any CPU
		{41047FEE-0F12-4451-A464-D3FDBDE366BF}.Debug|x64.Build.0 = Debug|Any CPU
		{41047FEE-0F12-4451-A464-D3FDBDE366BF}.Debug|x86.ActiveCfg = Debug|Any CPU
		{41047FEE-0F12-4451-A464-D3FDBDE366BF}.Debug|x86.Build.0 = Debug|Any CPU
		{41047FEE-0F12-4451-A464-D3FDBDE366BF}.Release|Any CPU.ActiveCfg = Release|Any CPU
		{41047FEE-0F12-4451-A464-D3FDBDE366BF}.Release|Any CPU.Build.0 = Release|Any CPU
		{41047FEE-0F12-4451-A464-D3FDBDE366BF}.Release|x64.ActiveCfg = Release|Any CPU
		{41047FEE-0F12-4451-A464-D3FDBDE366BF}.Release|x64.Build.0 = Release|Any CPU
		{41047FEE-0F12-4451-A464-D3FDBDE366BF}.Release|x86.ActiveCfg = Release|Any CPU
		{41047FEE-0F12-4451-A464-D3FDBDE366BF}.Release|x86.Build.0 = Release|Any CPU
		{DEB064F3-13F2-419F-B2D0-77D6CB76ED48}.Debug|Any CPU.ActiveCfg = Debug|Any CPU
		{DEB064F3-13F2-419F-B2D0-77D6CB76ED48}.Debug|Any CPU.Build.0 = Debug|Any CPU
		{DEB064F3-13F2-419F-B2D0-77D6CB76ED48}.Debug|x64.ActiveCfg = Debug|Any CPU
		{DEB064F3-13F2-419F-B2D0-77D6CB76ED48}.Debug|x64.Build.0 = Debug|Any CPU
		{DEB064F3-13F2-419F-B2D0-77D6CB76ED48}.Debug|x86.ActiveCfg = Debug|Any CPU
		{DEB064F3-13F2-419F-B2D0-77D6CB76ED48}.Debug|x86.Build.0 = Debug|Any CPU
		{DEB064F3-13F2-419F-B2D0-77D6CB76ED48}.Release|Any CPU.ActiveCfg = Release|Any CPU
		{DEB064F3-13F2-419F-B2D0-77D6CB76ED48}.Release|Any CPU.Build.0 = Release|Any CPU
		{DEB064F3-13F2-419F-B2D0-77D6CB76ED48}.Release|x64.ActiveCfg = Release|Any CPU
		{DEB064F3-13F2-419F-B2D0-77D6CB76ED48}.Release|x64.Build.0 = Release|Any CPU
		{DEB064F3-13F2-419F-B2D0-77D6CB76ED48}.Release|x86.ActiveCfg = Release|Any CPU
		{DEB064F3-13F2-419F-B2D0-77D6CB76ED48}.Release|x86.Build.0 = Release|Any CPU
		{7CDF929E-8901-41B6-B4D7-4CF6A6E50D8C}.Debug|Any CPU.ActiveCfg = Debug|Any CPU
		{7CDF929E-8901-41B6-B4D7-4CF6A6E50D8C}.Debug|Any CPU.Build.0 = Debug|Any CPU
		{7CDF929E-8901-41B6-B4D7-4CF6A6E50D8C}.Debug|x64.ActiveCfg = Debug|Any CPU
		{7CDF929E-8901-41B6-B4D7-4CF6A6E50D8C}.Debug|x64.Build.0 = Debug|Any CPU
		{7CDF929E-8901-41B6-B4D7-4CF6A6E50D8C}.Debug|x86.ActiveCfg = Debug|Any CPU
		{7CDF929E-8901-41B6-B4D7-4CF6A6E50D8C}.Debug|x86.Build.0 = Debug|Any CPU
		{7CDF929E-8901-41B6-B4D7-4CF6A6E50D8C}.Release|Any CPU.ActiveCfg = Release|Any CPU
		{7CDF929E-8901-41B6-B4D7-4CF6A6E50D8C}.Release|Any CPU.Build.0 = Release|Any CPU
		{7CDF929E-8901-41B6-B4D7-4CF6A6E50D8C}.Release|x64.ActiveCfg = Release|Any CPU
		{7CDF929E-8901-41B6-B4D7-4CF6A6E50D8C}.Release|x64.Build.0 = Release|Any CPU
		{7CDF929E-8901-41B6-B4D7-4CF6A6E50D8C}.Release|x86.ActiveCfg = Release|Any CPU
		{7CDF929E-8901-41B6-B4D7-4CF6A6E50D8C}.Release|x86.Build.0 = Release|Any CPU
		{CA8E3C2A-9A2B-4239-BAD4-73C7A3A3F0C1}.Debug|Any CPU.ActiveCfg = Debug|Any CPU
		{CA8E3C2A-9A2B-4239-BAD4-73C7A3A3F0C1}.Debug|Any CPU.Build.0 = Debug|Any CPU
		{CA8E3C2A-9A2B-4239-BAD4-73C7A3A3F0C1}.Debug|x64.ActiveCfg = Debug|Any CPU
		{CA8E3C2A-9A2B-4239-BAD4-73C7A3A3F0C1}.Debug|x64.Build.0 = Debug|Any CPU
		{CA8E3C2A-9A2B-4239-BAD4-73C7A3A3F0C1}.Debug|x86.ActiveCfg = Debug|Any CPU
		{CA8E3C2A-9A2B-4239-BAD4-73C7A3A3F0C1}.Debug|x86.Build.0 = Debug|Any CPU
		{CA8E3C2A-9A2B-4239-BAD4-73C7A3A3F0C1}.Release|Any CPU.ActiveCfg = Release|Any CPU
		{CA8E3C2A-9A2B-4239-BAD4-73C7A3A3F0C1}.Release|Any CPU.Build.0 = Release|Any CPU
		{CA8E3C2A-9A2B-4239-BAD4-73C7A3A3F0C1}.Release|x64.ActiveCfg = Release|Any CPU
		{CA8E3C2A-9A2B-4239-BAD4-73C7A3A3F0C1}.Release|x64.Build.0 = Release|Any CPU
		{CA8E3C2A-9A2B-4239-BAD4-73C7A3A3F0C1}.Release|x86.ActiveCfg = Release|Any CPU
		{CA8E3C2A-9A2B-4239-BAD4-73C7A3A3F0C1}.Release|x86.Build.0 = Release|Any CPU
		{9805741A-87E2-45EC-B3AF-0892C68FDA25}.Debug|Any CPU.ActiveCfg = Debug|Any CPU
		{9805741A-87E2-45EC-B3AF-0892C68FDA25}.Debug|Any CPU.Build.0 = Debug|Any CPU
		{9805741A-87E2-45EC-B3AF-0892C68FDA25}.Debug|x64.ActiveCfg = Debug|Any CPU
		{9805741A-87E2-45EC-B3AF-0892C68FDA25}.Debug|x64.Build.0 = Debug|Any CPU
		{9805741A-87E2-45EC-B3AF-0892C68FDA25}.Debug|x86.ActiveCfg = Debug|Any CPU
		{9805741A-87E2-45EC-B3AF-0892C68FDA25}.Debug|x86.Build.0 = Debug|Any CPU
		{9805741A-87E2-45EC-B3AF-0892C68FDA25}.Release|Any CPU.ActiveCfg = Release|Any CPU
		{9805741A-87E2-45EC-B3AF-0892C68FDA25}.Release|Any CPU.Build.0 = Release|Any CPU
		{9805741A-87E2-45EC-B3AF-0892C68FDA25}.Release|x64.ActiveCfg = Release|Any CPU
		{9805741A-87E2-45EC-B3AF-0892C68FDA25}.Release|x64.Build.0 = Release|Any CPU
		{9805741A-87E2-45EC-B3AF-0892C68FDA25}.Release|x86.ActiveCfg = Release|Any CPU
		{9805741A-87E2-45EC-B3AF-0892C68FDA25}.Release|x86.Build.0 = Release|Any CPU
	EndGlobalSection
	GlobalSection(SolutionProperties) = preSolution
		HideSolutionNode = FALSE
	EndGlobalSection
	GlobalSection(ExtensibilityGlobals) = postSolution
		SolutionGuid = {4749E5A5-B687-420C-9B62-96BE0C23FD13}
	EndGlobalSection
EndGlobal
